
Microsoft Visual Studio Solution File, Format Version 12.00
# Visual Studio Version 16
VisualStudioVersion = 16.0.30907.101
MinimumVisualStudioVersion = 10.0.40219.1
Project("{FAE04EC0-301F-11D3-BF4B-00C04F79EFBC}") = "LinQ_Comparer_if_newObject_alreadyExists", "LinQ_Comparer_if_newObject_alreadyExists\LinQ_Comparer_if_newObject_alreadyExists.csproj", "{0880BBD6-8946-4EDE-AAA4-D4627ED32F35}"
EndProject
Global
	GlobalSection(SolutionConfigurationPlatforms) = preSolution
		Debug|Any CPU = Debug|Any CPU
		Release|Any CPU = Release|Any CPU
	EndGlobalSection
	GlobalSection(ProjectConfigurationPlatforms) = postSolution
		{0880BBD6-8946-4EDE-AAA4-D4627ED32F35}.Debug|Any CPU.ActiveCfg = Debug|Any CPU
		{0880BBD6-8946-4EDE-AAA4-D4627ED32F35}.Debug|Any CPU.Build.0 = Debug|Any CPU
		{0880BBD6-8946-4EDE-AAA4-D4627ED32F35}.Release|Any CPU.ActiveCfg = Release|Any CPU
		{0880BBD6-8946-4EDE-AAA4-D4627ED32F35}.Release|Any CPU.Build.0 = Release|Any CPU
	EndGlobalSection
	GlobalSection(SolutionProperties) = preSolution
		HideSolutionNode = FALSE
	EndGlobalSection
	GlobalSection(ExtensibilityGlobals) = postSolution
		SolutionGuid = {765D8432-C6CA-415A-B1BA-2592F536062D}
	EndGlobalSection
EndGlobal
